{
    "hash": "33424c1a0363fb2e728793a62314c021",
    "packages": [
        {
            "package": "JanMarek/WebLoader",
            "version": "dev-master",
            "source-reference": "b875aa561c9398806e2ab50c12d5ab5b8c5fde41",
            "commit-date": "1335037707"
        },
        {
            "package": "nette/nette",
            "version": "v2.0.4"
        }
    ],
    "packages-dev": null,
    "aliases": [

    ],
    "minimum-stability": "stable",
    "stability-flags": {
        "janmarek/webloader": 20
    }
}
